// !$*UTF8*$!
{
	archiveVersion = 1;
	classes = {
	};
	objectVersion = 56;
	objects = {

/* Begin PBXBuildFile section */
		8BA7FA832DE10EA4001589CA /* Week_3_LabApp.swift in Sources */ = {isa = PBXBuildFile; fileRef = 8BA7FA822DE10EA4001589CA /* Week_3_LabApp.swift */; };
		8BA7FA852DE10EA4001589CA /* ContentView.swift in Sources */ = {isa = PBXBuildFile; fileRef = 8BA7FA842DE10EA4001589CA /* ContentView.swift */; };
		8BA7FA872DE10EA6001589CA /* Assets.xcassets in Resources */ = {isa = PBXBuildFile; fileRef = 8BA7FA862DE10EA6001589CA /* Assets.xcassets */; };
		8BA7FA8A2DE10EA6001589CA /* Preview Assets.xcassets in Resources */ = {isa = PBXBuildFile; fileRef = 8BA7FA892DE10EA6001589CA /* Preview Assets.xcassets */; };
		8BA7FA942DE10EA6001589CA /* Week_3_LabTests.swift in Sources */ = {isa = PBXBuildFile; fileRef = 8BA7FA932DE10EA6001589CA /* Week_3_LabTests.swift */; };
		8BA7FA9E2DE10EA7001589CA /* Week_3_LabUITests.swift in Sources */ = {isa = PBXBuildFile; fileRef = 8BA7FA9D2DE10EA7001589CA /* Week_3_LabUITests.swift */; };
		8BA7FAA02DE10EA7001589CA /* Week_3_LabUITestsLaunchTests.swift in Sources */ = {isa = PBXBuildFile; fileRef = 8BA7FA9F2DE10EA7001589CA /* Week_3_LabUITestsLaunchTests.swift */; };
/* End PBXBuildFile section */

/* Begin PBXContainerItemProxy section */
		8BA7FA902DE10EA6001589CA /* PBXContainerItemProxy */ = {
			isa = PBXContainerItemProxy;
			containerPortal = 8BA7FA772DE10EA4001589CA /* Project object */;
			proxyType = 1;
			remoteGlobalIDString = 8BA7FA7E2DE10EA4001589CA;
			remoteInfo = Week_3_Lab;
		};
		8BA7FA9A2DE10EA6001589CA /* PBXContainerItemProxy */ = {
			isa = PBXContainerItemProxy;
			containerPortal = 8BA7FA772DE10EA4001589CA /* Project object */;
			proxyType = 1;
			remoteGlobalIDString = 8BA7FA7E2DE10EA4001589CA;
			remoteInfo = Week_3_Lab;
		};
/* End PBXContainerItemProxy section */

/* Begin PBXFileReference section */
		8BA7FA7F2DE10EA4001589CA /* Week_3_Lab.app */ = {isa = PBXFileReference; explicitFileType = wrapper.application; includeInIndex = 0; path = Week_3_Lab.app; sourceTree = BUILT_PRODUCTS_DIR; };
		8BA7FA822DE10EA4001589CA /* Week_3_LabApp.swift */ = {isa = PBXFileReference; lastKnownFileType = sourcecode.swift; path = Week_3_LabApp.swift; sourceTree = "<group>"; };
		8BA7FA842DE10EA4001589CA /* ContentView.swift */ = {isa = PBXFileReference; lastKnownFileType = sourcecode.swift; path = ContentView.swift; sourceTree = "<group>"; };
		8BA7FA862DE10EA6001589CA /* Assets.xcassets */ = {isa = PBXFileReference; lastKnownFileType = folder.assetcatalog; path = Assets.xcassets; sourceTree = "<group>"; };
		8BA7FA892DE10EA6001589CA /* Preview Assets.xcassets */ = {isa = PBXFileReference; lastKnownFileType = folder.assetcatalog; path = "Preview Assets.xcassets"; sourceTree = "<group>"; };
		8BA7FA8F2DE10EA6001589CA /* Week_3_LabTests.xctest */ = {isa = PBXFileReference; explicitFileType = wrapper.cfbundle; includeInIndex = 0; path = Week_3_LabTests.xctest; sourceTree = BUILT_PRODUCTS_DIR; };
		8BA7FA932DE10EA6001589CA /* Week_3_LabTests.swift */ = {isa = PBXFileReference; lastKnownFileType = sourcecode.swift; path = Week_3_LabTests.swift; sourceTree = "<group>"; };
		8BA7FA992DE10EA6001589CA /* Week_3_LabUITests.xctest */ = {isa = PBXFileReference; explicitFileType = wrapper.cfbundle; includeInIndex = 0; path = Week_3_LabUITests.xctest; sourceTree = BUILT_PRODUCTS_DIR; };
		8BA7FA9D2DE10EA7001589CA /* Week_3_LabUITests.swift */ = {isa = PBXFileReference; lastKnownFileType = sourcecode.swift; path = Week_3_LabUITests.swift; sourceTree = "<group>"; };
		8BA7FA9F2DE10EA7001589CA /* Week_3_LabUITestsLaunchTests.swift */ = {isa = PBXFileReference; lastKnownFileType = sourcecode.swift; path = Week_3_LabUITestsLaunchTests.swift; sourceTree = "<group>"; };
/* End PBXFileReference section */

/* Begin PBXFrameworksBuildPhase section */
		8BA7FA7C2DE10EA4001589CA /* Frameworks */ = {
			isa = PBXFrameworksBuildPhase;
			buildActionMask = 2147483647;
			files = (
			);
			runOnlyForDeploymentPostprocessing = 0;
		};
		8BA7FA8C2DE10EA6001589CA /* Frameworks */ = {
			isa = PBXFrameworksBuildPhase;
			buildActionMask = 2147483647;
			files = (
			);
			runOnlyForDeploymentPostprocessing = 0;
		};
		8BA7FA962DE10EA6001589CA /* Frameworks */ = {
			isa = PBXFrameworksBuildPhase;
			buildActionMask = 2147483647;
			files = (
			);
			runOnlyForDeploymentPostprocessing = 0;
		};
/* End PBXFrameworksBuildPhase section */

/* Begin PBXGroup section */
		8BA7FA762DE10EA4001589CA = {
			isa = PBXGroup;
			children = (
				8BA7FA812DE10EA4001589CA /* Week_3_Lab */,
				8BA7FA922DE10EA6001589CA /* Week_3_LabTests */,
				8BA7FA9C2DE10EA6001589CA /* Week_3_LabUITests */,
				8BA7FA802DE10EA4001589CA /* Products */,
			);
			sourceTree = "<group>";
		};
		8BA7FA802DE10EA4001589CA /* Products */ = {
			isa = PBXGroup;
			children = (
				8BA7FA7F2DE10EA4001589CA /* Week_3_Lab.app */,
				8BA7FA8F2DE10EA6001589CA /* Week_3_LabTests.xctest */,
				8BA7FA992DE10EA6001589CA /* Week_3_LabUITests.xctest */,
			);
			name = Products;
			sourceTree = "<group>";
		};
		8BA7FA812DE10EA4001589CA /* Week_3_Lab */ = {
			isa = PBXGroup;
			children = (
				8BA7FA822DE10EA4001589CA /* Week_3_LabApp.swift */,
				8BA7FA842DE10EA4001589CA /* ContentView.swift */,
				8BA7FA862DE10EA6001589CA /* Assets.xcassets */,
				8BA7FA882DE10EA6001589CA /* Preview Content */,
			);
			path = Week_3_Lab;
			sourceTree = "<group>";
		};
		8BA7FA882DE10EA6001589CA /* Preview Content */ = {
			isa = PBXGroup;
			children = (
				8BA7FA892DE10EA6001589CA /* Preview Assets.xcassets */,
			);
			path = "Preview Content";
			sourceTree = "<group>";
		};
		8BA7FA922DE10EA6001589CA /* Week_3_LabTests */ = {
			isa = PBXGroup;
			children = (
				8BA7FA932DE10EA6001589CA /* Week_3_LabTests.swift */,
			);
			path = Week_3_LabTests;
			sourceTree = "<group>";
		};
		8BA7FA9C2DE10EA6001589CA /* Week_3_LabUITests */ = {
			isa = PBXGroup;
			children = (
				8BA7FA9D2DE10EA7001589CA /* Week_3_LabUITests.swift */,
				8BA7FA9F2DE10EA7001589CA /* Week_3_LabUITestsLaunchTests.swift */,
			);
			path = Week_3_LabUITests;
			sourceTree = "<group>";
		};
/* End PBXGroup section */

/* Begin PBXNativeTarget section */
		8BA7FA7E2DE10EA4001589CA /* Week_3_Lab */ = {
			isa = PBXNativeTarget;
			buildConfigurationList = 8BA7FAA32DE10EA7001589CA /* Build configuration list for PBXNativeTarget "Week_3_Lab" */;
			buildPhases = (
				8BA7FA7B2DE10EA4001589CA /* Sources */,
				8BA7FA7C2DE10EA4001589CA /* Frameworks */,
				8BA7FA7D2DE10EA4001589CA /* Resources */,
			);
			buildRules = (
			);
			dependencies = (
			);
			name = Week_3_Lab;
			productName = Week_3_Lab;
			productReference = 8BA7FA7F2DE10EA4001589CA /* Week_3_Lab.app */;
			productType = "com.apple.product-type.application";
		};
		8BA7FA8E2DE10EA6001589CA /* Week_3_LabTests */ = {
			isa = PBXNativeTarget;
			buildConfigurationList = 8BA7FAA62DE10EA7001589CA /* Build configuration list for PBXNativeTarget "Week_3_LabTests" */;
			buildPhases = (
				8BA7FA8B2DE10EA6001589CA /* Sources */,
				8BA7FA8C2DE10EA6001589CA /* Frameworks */,
				8BA7FA8D2DE10EA6001589CA /* Resources */,
			);
			buildRules = (
			);
			dependencies = (
				8BA7FA912DE10EA6001589CA /* PBXTargetDependency */,
			);
			name = Week_3_LabTests;
			productName = Week_3_LabTests;
			productReference = 8BA7FA8F2DE10EA6001589CA /* Week_3_LabTests.xctest */;
			productType = "com.apple.product-type.bundle.unit-test";
		};
		8BA7FA982DE10EA6001589CA /* Week_3_LabUITests */ = {
			isa = PBXNativeTarget;
			buildConfigurationList = 8BA7FAA92DE10EA7001589CA /* Build configuration list for PBXNativeTarget "Week_3_LabUITests" */;
			buildPhases = (
				8BA7FA952DE10EA6001589CA /* Sources */,
				8BA7FA962DE10EA6001589CA /* Frameworks */,
				8BA7FA972DE10EA6001589CA /* Resources */,
			);
			buildRules = (
			);
			dependencies = (
				8BA7FA9B2DE10EA6001589CA /* PBXTargetDependency */,
			);
			name = Week_3_LabUITests;
			productName = Week_3_LabUITests;
			productReference = 8BA7FA992DE10EA6001589CA /* Week_3_LabUITests.xctest */;
			productType = "com.apple.product-type.bundle.ui-testing";
		};
/* End PBXNativeTarget section */

/* Begin PBXProject section */
		8BA7FA772DE10EA4001589CA /* Project object */ = {
			isa = PBXProject;
			attributes = {
				BuildIndependentTargetsInParallel = 1;
				LastSwiftUpdateCheck = 1540;
				LastUpgradeCheck = 1540;
				TargetAttributes = {
					8BA7FA7E2DE10EA4001589CA = {
						CreatedOnToolsVersion = 15.4;
					};
					8BA7FA8E2DE10EA6001589CA = {
						CreatedOnToolsVersion = 15.4;
						TestTargetID = 8BA7FA7E2DE10EA4001589CA;
					};
					8BA7FA982DE10EA6001589CA = {
						CreatedOnToolsVersion = 15.4;
						TestTargetID = 8BA7FA7E2DE10EA4001589CA;
					};
				};
			};
			buildConfigurationList = 8BA7FA7A2DE10EA4001589CA /* Build configuration list for PBXProject "Week_3_Lab" */;
			compatibilityVersion = "Xcode 14.0";
			developmentRegion = en;
			hasScannedForEncodings = 0;
			knownRegions = (
				en,
				Base,
			);
			mainGroup = 8BA7FA762DE10EA4001589CA;
			productRefGroup = 8BA7FA802DE10EA4001589CA /* Products */;
			projectDirPath = "";
			projectRoot = "";
			targets = (
				8BA7FA7E2DE10EA4001589CA /* Week_3_Lab */,
				8BA7FA8E2DE10EA6001589CA /* Week_3_LabTests */,
				8BA7FA982DE10EA6001589CA /* Week_3_LabUITests */,
			);
		};
/* End PBXProject section */

/* Begin PBXResourcesBuildPhase section */
		8BA7FA7D2DE10EA4001589CA /* Resources */ = {
			isa = PBXResourcesBuildPhase;
			buildActionMask = 2147483647;
			files = (
				8BA7FA8A2DE10EA6001589CA /* Preview Assets.xcassets in Resources */,
				8BA7FA872DE10EA6001589CA /* Assets.xcassets in Resources */,
			);
			runOnlyForDeploymentPostprocessing = 0;
		};
		8BA7FA8D2DE10EA6001589CA /* Resources */ = {
			isa = PBXResourcesBuildPhase;
			buildActionMask = 2147483647;
			files = (
			);
			runOnlyForDeploymentPostprocessing = 0;
		};
		8BA7FA972DE10EA6001589CA /* Resources */ = {
			isa = PBXResourcesBuildPhase;
			buildActionMask = 2147483647;
			files = (
			);
			runOnlyForDeploymentPostprocessing = 0;
		};
/* End PBXResourcesBuildPhase section */

/* Begin PBXSourcesBuildPhase section */
		8BA7FA7B2DE10EA4001589CA /* Sources */ = {
			isa = PBXSourcesBuildPhase;
			buildActionMask = 2147483647;
			files = (
				8BA7FA852DE10EA4001589CA /* ContentView.swift in Sources */,
				8BA7FA832DE10EA4001589CA /* Week_3_LabApp.swift in Sources */,
			);
			runOnlyForDeploymentPostprocessing = 0;
		};
		8BA7FA8B2DE10EA6001589CA /* Sources */ = {
			isa = PBXSourcesBuildPhase;
			buildActionMask = 2147483647;
			files = (
				8BA7FA942DE10EA6001589CA /* Week_3_LabTests.swift in Sources */,
			);
			runOnlyForDeploymentPostprocessing = 0;
		};
		8BA7FA952DE10EA6001589CA /* Sources */ = {
			isa = PBXSourcesBuildPhase;
			buildActionMask = 2147483647;
			files = (
				8BA7FAA02DE10EA7001589CA /* Week_3_LabUITestsLaunchTests.swift in Sources */,
				8BA7FA9E2DE10EA7001589CA /* Week_3_LabUITests.swift in Sources */,
			);
			runOnlyForDeploymentPostprocessing = 0;
		};
/* End PBXSourcesBuildPhase section */

/* Begin PBXTargetDependency section */
		8BA7FA912DE10EA6001589CA /* PBXTargetDependency */ = {
			isa = PBXTargetDependency;
			target = 8BA7FA7E2DE10EA4001589CA /* Week_3_Lab */;
			targetProxy = 8BA7FA902DE10EA6001589CA /* PBXContainerItemProxy */;
		};
		8BA7FA9B2DE10EA6001589CA /* PBXTargetDependency */ = {
			isa = PBXTargetDependency;
			target = 8BA7FA7E2DE10EA4001589CA /* Week_3_Lab */;
			targetProxy = 8BA7FA9A2DE10EA6001589CA /* PBXContainerItemProxy */;
		};
/* End PBXTargetDependency section */

/* Begin XCBuildConfiguration section */
		8BA7FAA12DE10EA7001589CA /* Debug */ = {
			isa = XCBuildConfiguration;
			buildSettings = {
				ALWAYS_SEARCH_USER_PATHS = NO;
				ASSETCATALOG_COMPILER_GENERATE_SWIFT_ASSET_SYMBOL_EXTENSIONS = YES;
				CLANG_ANALYZER_NONNULL = YES;
				CLANG_ANALYZER_NUMBER_OBJECT_CONVERSION = YES_AGGRESSIVE;
				CLANG_CXX_LANGUAGE_STANDARD = "gnu++20";
				CLANG_ENABLE_MODULES = YES;
				CLANG_ENABLE_OBJC_ARC = YES;
				CLANG_ENABLE_OBJC_WEAK = YES;
				CLANG_WARN_BLOCK_CAPTURE_AUTORELEASING = YES;
				CLANG_WARN_BOOL_CONVERSION = YES;
				CLANG_WARN_COMMA = YES;
				CLANG_WARN_CONSTANT_CONVERSION = YES;
				CLANG_WARN_DEPRECATED_OBJC_IMPLEMENTATIONS = YES;
				CLANG_WARN_DIRECT_OBJC_ISA_USAGE = YES_ERROR;
				CLANG_WARN_DOCUMENTATION_COMMENTS = YES;
				CLANG_WARN_EMPTY_BODY = YES;
				CLANG_WARN_ENUM_CONVERSION = YES;
				CLANG_WARN_INFINITE_RECURSION = YES;
				CLANG_WARN_INT_CONVERSION = YES;
				CLANG_WARN_NON_LITERAL_NULL_CONVERSION = YES;
				CLANG_WARN_OBJC_IMPLICIT_RETAIN_SELF = YES;
				CLANG_WARN_OBJC_LITERAL_CONVERSION = YES;
				CLANG_WARN_OBJC_ROOT_CLASS = YES_ERROR;
				CLANG_WARN_QUOTED_INCLUDE_IN_FRAMEWORK_HEADER = YES;
				CLANG_WARN_RANGE_LOOP_ANALYSIS = YES;
				CLANG_WARN_STRICT_PROTOTYPES = YES;
				CLANG_WARN_SUSPICIOUS_MOVE = YES;
				CLANG_WARN_UNGUARDED_AVAILABILITY = YES_AGGRESSIVE;
				CLANG_WARN_UNREACHABLE_CODE = YES;
				CLANG_WARN__DUPLICATE_METHOD_MATCH = YES;
				COPY_PHASE_STRIP = NO;
				DEBUG_INFORMATION_FORMAT = dwarf;
				ENABLE_STRICT_OBJC_MSGSEND = YES;
				ENABLE_TESTABILITY = YES;
				ENABLE_USER_SCRIPT_SANDBOXING = YES;
				GCC_C_LANGUAGE_STANDARD = gnu17;
				GCC_DYNAMIC_NO_PIC = NO;
				GCC_NO_COMMON_BLOCKS = YES;
				GCC_OPTIMIZATION_LEVEL = 0;
				GCC_PREPROCESSOR_DEFINITIONS = (
					"DEBUG=1",
					"$(inherited)",
				);
				GCC_WARN_64_TO_32_BIT_CONVERSION = YES;
				GCC_WARN_ABOUT_RETURN_TYPE = YES_ERROR;
				GCC_WARN_UNDECLARED_SELECTOR = YES;
				GCC_WARN_UNINITIALIZED_AUTOS = YES_AGGRESSIVE;
				GCC_WARN_UNUSED_FUNCTION = YES;
				GCC_WARN_UNUSED_VARIABLE = YES;
				IPHONEOS_DEPLOYMENT_TARGET = 17.5;
				LOCALIZATION_PREFERS_STRING_CATALOGS = YES;
				MTL_ENABLE_DEBUG_INFO = INCLUDE_SOURCE;
				MTL_FAST_MATH = YES;
				ONLY_ACTIVE_ARCH = YES;
				SDKROOT = iphoneos;
				SWIFT_ACTIVE_COMPILATION_CONDITIONS = "DEBUG $(inherited)";
				SWIFT_OPTIMIZATION_LEVEL = "-Onone";
			};
			name = Debug;
		};
		8BA7FAA22DE10EA7001589CA /* Release */ = {
			isa = XCBuildConfiguration;
			buildSettings = {
				ALWAYS_SEARCH_USER_PATHS = NO;
				ASSETCATALOG_COMPILER_GENERATE_SWIFT_ASSET_SYMBOL_EXTENSIONS = YES;
				CLANG_ANALYZER_NONNULL = YES;
				CLANG_ANALYZER_NUMBER_OBJECT_CONVERSION = YES_AGGRESSIVE;
				CLANG_CXX_LANGUAGE_STANDARD = "gnu++20";
				CLANG_ENABLE_MODULES = YES;
				CLANG_ENABLE_OBJC_ARC = YES;
				CLANG_ENABLE_OBJC_WEAK = YES;
				CLANG_WARN_BLOCK_CAPTURE_AUTORELEASING = YES;
				CLANG_WARN_BOOL_CONVERSION = YES;
				CLANG_WARN_COMMA = YES;
				CLANG_WARN_CONSTANT_CONVERSION = YES;
				CLANG_WARN_DEPRECATED_OBJC_IMPLEMENTATIONS = YES;
				CLANG_WARN_DIRECT_OBJC_ISA_USAGE = YES_ERROR;
				CLANG_WARN_DOCUMENTATION_COMMENTS = YES;
				CLANG_WARN_EMPTY_BODY = YES;
				CLANG_WARN_ENUM_CONVERSION = YES;
				CLANG_WARN_INFINITE_RECURSION = YES;
				CLANG_WARN_INT_CONVERSION = YES;
				CLANG_WARN_NON_LITERAL_NULL_CONVERSION = YES;
				CLANG_WARN_OBJC_IMPLICIT_RETAIN_SELF = YES;
				CLANG_WARN_OBJC_LITERAL_CONVERSION = YES;
				CLANG_WARN_OBJC_ROOT_CLASS = YES_ERROR;
				CLANG_WARN_QUOTED_INCLUDE_IN_FRAMEWORK_HEADER = YES;
				CLANG_WARN_RANGE_LOOP_ANALYSIS = YES;
				CLANG_WARN_STRICT_PROTOTYPES = YES;
				CLANG_WARN_SUSPICIOUS_MOVE = YES;
				CLANG_WARN_UNGUARDED_AVAILABILITY = YES_AGGRESSIVE;
				CLANG_WARN_UNREACHABLE_CODE = YES;
				CLANG_WARN__DUPLICATE_METHOD_MATCH = YES;
				COPY_PHASE_STRIP = NO;
				DEBUG_INFORMATION_FORMAT = "dwarf-with-dsym";
				ENABLE_NS_ASSERTIONS = NO;
				ENABLE_STRICT_OBJC_MSGSEND = YES;
				ENABLE_USER_SCRIPT_SANDBOXING = YES;
				GCC_C_LANGUAGE_STANDARD = gnu17;
				GCC_NO_COMMON_BLOCKS = YES;
				GCC_WARN_64_TO_32_BIT_CONVERSION = YES;
				GCC_WARN_ABOUT_RETURN_TYPE = YES_ERROR;
				GCC_WARN_UNDECLARED_SELECTOR = YES;
				GCC_WARN_UNINITIALIZED_AUTOS = YES_AGGRESSIVE;
				GCC_WARN_UNUSED_FUNCTION = YES;
				GCC_WARN_UNUSED_VARIABLE = YES;
				IPHONEOS_DEPLOYMENT_TARGET = 17.5;
				LOCALIZATION_PREFERS_STRING_CATALOGS = YES;
				MTL_ENABLE_DEBUG_INFO = NO;
				MTL_FAST_MATH = YES;
				SDKROOT = iphoneos;
				SWIFT_COMPILATION_MODE = wholemodule;
				VALIDATE_PRODUCT = YES;
			};
			name = Release;
		};
		8BA7FAA42DE10EA7001589CA /* Debug */ = {
			isa = XCBuildConfiguration;
			buildSettings = {
				ASSETCATALOG_COMPILER_APPICON_NAME = AppIcon;
				ASSETCATALOG_COMPILER_GLOBAL_ACCENT_COLOR_NAME = AccentColor;
				CODE_SIGN_STYLE = Automatic;
				CURRENT_PROJECT_VERSION = 1;
				DEVELOPMENT_ASSET_PATHS = "\"Week_3_Lab/Preview Content\"";
				ENABLE_PREVIEWS = YES;
				GENERATE_INFOPLIST_FILE = YES;
				INFOPLIST_KEY_UIApplicationSceneManifest_Generation = YES;
				INFOPLIST_KEY_UIApplicationSupportsIndirectInputEvents = YES;
				INFOPLIST_KEY_UILaunchScreen_Generation = YES;
				INFOPLIST_KEY_UISupportedInterfaceOrientations_iPad = "UIInterfaceOrientationPortrait UIInterfaceOrientationPortraitUpsideDown UIInterfaceOrientationLandscapeLeft UIInterfaceOrientationLandscapeRight";
				INFOPLIST_KEY_UISupportedInterfaceOrientations_iPhone = "UIInterfaceOrientationPortrait UIInterfaceOrientationLandscapeLeft UIInterfaceOrientationLandscapeRight";
				LD_RUNPATH_SEARCH_PATHS = (
					"$(inherited)",
					"@executable_path/Frameworks",
				);
				MARKETING_VERSION = 1.0;
				PRODUCT_BUNDLE_IDENTIFIER = "com.yash.Week-3-Lab";
				PRODUCT_NAME = "$(TARGET_NAME)";
				SWIFT_EMIT_LOC_STRINGS = YES;
				SWIFT_VERSION = 5.0;
				TARGETED_DEVICE_FAMILY = "1,2";
			};
			name = Debug;
		};
		8BA7FAA52DE10EA7001589CA /* Release */ = {
			isa = XCBuildConfiguration;
			buildSettings = {
				ASSETCATALOG_COMPILER_APPICON_NAME = AppIcon;
				ASSETCATALOG_COMPILER_GLOBAL_ACCENT_COLOR_NAME = AccentColor;
				CODE_SIGN_STYLE = Automatic;
				CURRENT_PROJECT_VERSION = 1;
				DEVELOPMENT_ASSET_PATHS = "\"Week_3_Lab/Preview Content\"";
				ENABLE_PREVIEWS = YES;
				GENERATE_INFOPLIST_FILE = YES;
				INFOPLIST_KEY_UIApplicationSceneManifest_Generation = YES;
				INFOPLIST_KEY_UIApplicationSupportsIndirectInputEvents = YES;
				INFOPLIST_KEY_UILaunchScreen_Generation = YES;
				INFOPLIST_KEY_UISupportedInterfaceOrientations_iPad = "UIInterfaceOrientationPortrait UIInterfaceOrientationPortraitUpsideDown UIInterfaceOrientationLandscapeLeft UIInterfaceOrientationLandscapeRight";
				INFOPLIST_KEY_UISupportedInterfaceOrientations_iPhone = "UIInterfaceOrientationPortrait UIInterfaceOrientationLandscapeLeft UIInterfaceOrientationLandscapeRight";
				LD_RUNPATH_SEARCH_PATHS = (
					"$(inherited)",
					"@executable_path/Frameworks",
				);
				MARKETING_VERSION = 1.0;
				PRODUCT_BUNDLE_IDENTIFIER = "com.yash.Week-3-Lab";
				PRODUCT_NAME = "$(TARGET_NAME)";
				SWIFT_EMIT_LOC_STRINGS = YES;
				SWIFT_VERSION = 5.0;
				TARGETED_DEVICE_FAMILY = "1,2";
			};
			name = Release;
		};
		8BA7FAA72DE10EA7001589CA /* Debug */ = {
			isa = XCBuildConfiguration;
			buildSettings = {
				ALWAYS_EMBED_SWIFT_STANDARD_LIBRARIES = YES;
				BUNDLE_LOADER = "$(TEST_HOST)";
				CODE_SIGN_STYLE = Automatic;
				CURRENT_PROJECT_VERSION = 1;
				GENERATE_INFOPLIST_FILE = YES;
				IPHONEOS_DEPLOYMENT_TARGET = 17.5;
				MARKETING_VERSION = 1.0;
				PRODUCT_BUNDLE_IDENTIFIER = "com.yash.Week-3-LabTests";
				PRODUCT_NAME = "$(TARGET_NAME)";
				SWIFT_EMIT_LOC_STRINGS = NO;
				SWIFT_VERSION = 5.0;
				TARGETED_DEVICE_FAMILY = "1,2";
				TEST_HOST = "$(BUILT_PRODUCTS_DIR)/Week_3_Lab.app/$(BUNDLE_EXECUTABLE_FOLDER_PATH)/Week_3_Lab";
			};
			name = Debug;
		};
		8BA7FAA82DE10EA7001589CA /* Release */ = {
			isa = XCBuildConfiguration;
			buildSettings = {
				ALWAYS_EMBED_SWIFT_STANDARD_LIBRARIES = YES;
				BUNDLE_LOADER = "$(TEST_HOST)";
				CODE_SIGN_STYLE = Automatic;
				CURRENT_PROJECT_VERSION = 1;
				GENERATE_INFOPLIST_FILE = YES;
				IPHONEOS_DEPLOYMENT_TARGET = 17.5;
				MARKETING_VERSION = 1.0;
				PRODUCT_BUNDLE_IDENTIFIER = "com.yash.Week-3-LabTests";
				PRODUCT_NAME = "$(TARGET_NAME)";
				SWIFT_EMIT_LOC_STRINGS = NO;
				SWIFT_VERSION = 5.0;
				TARGETED_DEVICE_FAMILY = "1,2";
				TEST_HOST = "$(BUILT_PRODUCTS_DIR)/Week_3_Lab.app/$(BUNDLE_EXECUTABLE_FOLDER_PATH)/Week_3_Lab";
			};
			name = Release;
		};
		8BA7FAAA2DE10EA7001589CA /* Debug */ = {
			isa = XCBuildConfiguration;
			buildSettings = {
				ALWAYS_EMBED_SWIFT_STANDARD_LIBRARIES = YES;
				CODE_SIGN_STYLE = Automatic;
				CURRENT_PROJECT_VERSION = 1;
				GENERATE_INFOPLIST_FILE = YES;
				MARKETING_VERSION = 1.0;
				PRODUCT_BUNDLE_IDENTIFIER = "com.yash.Week-3-LabUITests";
				PRODUCT_NAME = "$(TARGET_NAME)";
				SWIFT_EMIT_LOC_STRINGS = NO;
				SWIFT_VERSION = 5.0;
				TARGETED_DEVICE_FAMILY = "1,2";
				TEST_TARGET_NAME = Week_3_Lab;
			};
			name = Debug;
		};
		8BA7FAAB2DE10EA7001589CA /* Release */ = {
			isa = XCBuildConfiguration;
			buildSettings = {
				ALWAYS_EMBED_SWIFT_STANDARD_LIBRARIES = YES;
				CODE_SIGN_STYLE = Automatic;
				CURRENT_PROJECT_VERSION = 1;
				GENERATE_INFOPLIST_FILE = YES;
				MARKETING_VERSION = 1.0;
				PRODUCT_BUNDLE_IDENTIFIER = "com.yash.Week-3-LabUITests";
				PRODUCT_NAME = "$(TARGET_NAME)";
				SWIFT_EMIT_LOC_STRINGS = NO;
				SWIFT_VERSION = 5.0;
				TARGETED_DEVICE_FAMILY = "1,2";
				TEST_TARGET_NAME = Week_3_Lab;
			};
			name = Release;
		};
/* End XCBuildConfiguration section */

/* Begin XCConfigurationList section */
		8BA7FA7A2DE10EA4001589CA /* Build configuration list for PBXProject "Week_3_Lab" */ = {
			isa = XCConfigurationList;
			buildConfigurations = (
				8BA7FAA12DE10EA7001589CA /* Debug */,
				8BA7FAA22DE10EA7001589CA /* Release */,
			);
			defaultConfigurationIsVisible = 0;
			defaultConfigurationName = Release;
		};
		8BA7FAA32DE10EA7001589CA /* Build configuration list for PBXNativeTarget "Week_3_Lab" */ = {
			isa = XCConfigurationList;
			buildConfigurations = (
				8BA7FAA42DE10EA7001589CA /* Debug */,
				8BA7FAA52DE10EA7001589CA /* Release */,
			);
			defaultConfigurationIsVisible = 0;
			defaultConfigurationName = Release;
		};
		8BA7FAA62DE10EA7001589CA /* Build configuration list for PBXNativeTarget "Week_3_LabTests" */ = {
			isa = XCConfigurationList;
			buildConfigurations = (
				8BA7FAA72DE10EA7001589CA /* Debug */,
				8BA7FAA82DE10EA7001589CA /* Release */,
			);
			defaultConfigurationIsVisible = 0;
			defaultConfigurationName = Release;
		};
		8BA7FAA92DE10EA7001589CA /* Build configuration list for PBXNativeTarget "Week_3_LabUITests" */ = {
			isa = XCConfigurationList;
			buildConfigurations = (
				8BA7FAAA2DE10EA7001589CA /* Debug */,
				8BA7FAAB2DE10EA7001589CA /* Release */,
			);
			defaultConfigurationIsVisible = 0;
			defaultConfigurationName = Release;
		};
/* End XCConfigurationList section */
	};
	rootObject = 8BA7FA772DE10EA4001589CA /* Project object */;
}
