// !$*UTF8*$!
{
	archiveVersion = 1;
	classes = {
	};
	objectVersion = 56;
	objects = {

/* Begin PBXBuildFile section */
		8BE1356B2DF36CBB001D551D /* Lab4App.swift in Sources */ = {isa = PBXBuildFile; fileRef = 8BE1356A2DF36CBB001D551D /* Lab4App.swift */; };
		8BE1356D2DF36CBB001D551D /* ContentView.swift in Sources */ = {isa = PBXBuildFile; fileRef = 8BE1356C2DF36CBB001D551D /* ContentView.swift */; };
		8BE1356F2DF36CBD001D551D /* Assets.xcassets in Resources */ = {isa = PBXBuildFile; fileRef = 8BE1356E2DF36CBD001D551D /* Assets.xcassets */; };
		8BE135722DF36CBD001D551D /* Preview Assets.xcassets in Resources */ = {isa = PBXBuildFile; fileRef = 8BE135712DF36CBD001D551D /* Preview Assets.xcassets */; };
		8BE1357C2DF36CBD001D551D /* Lab4Tests.swift in Sources */ = {isa = PBXBuildFile; fileRef = 8BE1357B2DF36CBD001D551D /* Lab4Tests.swift */; };
		8BE135862DF36CBD001D551D /* Lab4UITests.swift in Sources */ = {isa = PBXBuildFile; fileRef = 8BE135852DF36CBD001D551D /* Lab4UITests.swift */; };
		8BE135882DF36CBD001D551D /* Lab4UITestsLaunchTests.swift in Sources */ = {isa = PBXBuildFile; fileRef = 8BE135872DF36CBD001D551D /* Lab4UITestsLaunchTests.swift */; };
		8BE135D52DF391FA001D551D /* OverviewScreen.swift in Sources */ = {isa = PBXBuildFile; fileRef = 8BE135D42DF391FA001D551D /* OverviewScreen.swift */; };
		8BE135D72DF39C6A001D551D /* CheckoutScreen.swift in Sources */ = {isa = PBXBuildFile; fileRef = 8BE135D62DF39C6A001D551D /* CheckoutScreen.swift */; };
/* End PBXBuildFile section */

/* Begin PBXContainerItemProxy section */
		8BE135782DF36CBD001D551D /* PBXContainerItemProxy */ = {
			isa = PBXContainerItemProxy;
			containerPortal = 8BE1355F2DF36CBB001D551D /* Project object */;
			proxyType = 1;
			remoteGlobalIDString = 8BE135662DF36CBB001D551D;
			remoteInfo = Lab4;
		};
		8BE135822DF36CBD001D551D /* PBXContainerItemProxy */ = {
			isa = PBXContainerItemProxy;
			containerPortal = 8BE1355F2DF36CBB001D551D /* Project object */;
			proxyType = 1;
			remoteGlobalIDString = 8BE135662DF36CBB001D551D;
			remoteInfo = Lab4;
		};
/* End PBXContainerItemProxy section */

/* Begin PBXFileReference section */
		8BE135672DF36CBB001D551D /* Lab4.app */ = {isa = PBXFileReference; explicitFileType = wrapper.application; includeInIndex = 0; path = Lab4.app; sourceTree = BUILT_PRODUCTS_DIR; };
		8BE1356A2DF36CBB001D551D /* Lab4App.swift */ = {isa = PBXFileReference; lastKnownFileType = sourcecode.swift; path = Lab4App.swift; sourceTree = "<group>"; };
		8BE1356C2DF36CBB001D551D /* ContentView.swift */ = {isa = PBXFileReference; lastKnownFileType = sourcecode.swift; path = ContentView.swift; sourceTree = "<group>"; };
		8BE1356E2DF36CBD001D551D /* Assets.xcassets */ = {isa = PBXFileReference; lastKnownFileType = folder.assetcatalog; path = Assets.xcassets; sourceTree = "<group>"; };
		8BE135712DF36CBD001D551D /* Preview Assets.xcassets */ = {isa = PBXFileReference; lastKnownFileType = folder.assetcatalog; path = "Preview Assets.xcassets"; sourceTree = "<group>"; };
		8BE135772DF36CBD001D551D /* Lab4Tests.xctest */ = {isa = PBXFileReference; explicitFileType = wrapper.cfbundle; includeInIndex = 0; path = Lab4Tests.xctest; sourceTree = BUILT_PRODUCTS_DIR; };
		8BE1357B2DF36CBD001D551D /* Lab4Tests.swift */ = {isa = PBXFileReference; lastKnownFileType = sourcecode.swift; path = Lab4Tests.swift; sourceTree = "<group>"; };
		8BE135812DF36CBD001D551D /* Lab4UITests.xctest */ = {isa = PBXFileReference; explicitFileType = wrapper.cfbundle; includeInIndex = 0; path = Lab4UITests.xctest; sourceTree = BUILT_PRODUCTS_DIR; };
		8BE135852DF36CBD001D551D /* Lab4UITests.swift */ = {isa = PBXFileReference; lastKnownFileType = sourcecode.swift; path = Lab4UITests.swift; sourceTree = "<group>"; };
		8BE135872DF36CBD001D551D /* Lab4UITestsLaunchTests.swift */ = {isa = PBXFileReference; lastKnownFileType = sourcecode.swift; path = Lab4UITestsLaunchTests.swift; sourceTree = "<group>"; };
		8BE135D42DF391FA001D551D /* OverviewScreen.swift */ = {isa = PBXFileReference; lastKnownFileType = sourcecode.swift; path = OverviewScreen.swift; sourceTree = "<group>"; };
		8BE135D62DF39C6A001D551D /* CheckoutScreen.swift */ = {isa = PBXFileReference; lastKnownFileType = sourcecode.swift; path = CheckoutScreen.swift; sourceTree = "<group>"; };
/* End PBXFileReference section */

/* Begin PBXFrameworksBuildPhase section */
		8BE135642DF36CBB001D551D /* Frameworks */ = {
			isa = PBXFrameworksBuildPhase;
			buildActionMask = 2147483647;
			files = (
			);
			runOnlyForDeploymentPostprocessing = 0;
		};
		8BE135742DF36CBD001D551D /* Frameworks */ = {
			isa = PBXFrameworksBuildPhase;
			buildActionMask = 2147483647;
			files = (
			);
			runOnlyForDeploymentPostprocessing = 0;
		};
		8BE1357E2DF36CBD001D551D /* Frameworks */ = {
			isa = PBXFrameworksBuildPhase;
			buildActionMask = 2147483647;
			files = (
			);
			runOnlyForDeploymentPostprocessing = 0;
		};
/* End PBXFrameworksBuildPhase section */

/* Begin PBXGroup section */
		8BE1355E2DF36CBB001D551D = {
			isa = PBXGroup;
			children = (
				8BE135692DF36CBB001D551D /* Lab4 */,
				8BE1357A2DF36CBD001D551D /* Lab4Tests */,
				8BE135842DF36CBD001D551D /* Lab4UITests */,
				8BE135682DF36CBB001D551D /* Products */,
			);
			sourceTree = "<group>";
		};
		8BE135682DF36CBB001D551D /* Products */ = {
			isa = PBXGroup;
			children = (
				8BE135672DF36CBB001D551D /* Lab4.app */,
				8BE135772DF36CBD001D551D /* Lab4Tests.xctest */,
				8BE135812DF36CBD001D551D /* Lab4UITests.xctest */,
			);
			name = Products;
			sourceTree = "<group>";
		};
		8BE135692DF36CBB001D551D /* Lab4 */ = {
			isa = PBXGroup;
			children = (
				8BE1356A2DF36CBB001D551D /* Lab4App.swift */,
				8BE1356C2DF36CBB001D551D /* ContentView.swift */,
				8BE1356E2DF36CBD001D551D /* Assets.xcassets */,
				8BE135702DF36CBD001D551D /* Preview Content */,
				8BE135D42DF391FA001D551D /* OverviewScreen.swift */,
				8BE135D62DF39C6A001D551D /* CheckoutScreen.swift */,
			);
			path = Lab4;
			sourceTree = "<group>";
		};
		8BE135702DF36CBD001D551D /* Preview Content */ = {
			isa = PBXGroup;
			children = (
				8BE135712DF36CBD001D551D /* Preview Assets.xcassets */,
			);
			path = "Preview Content";
			sourceTree = "<group>";
		};
		8BE1357A2DF36CBD001D551D /* Lab4Tests */ = {
			isa = PBXGroup;
			children = (
				8BE1357B2DF36CBD001D551D /* Lab4Tests.swift */,
			);
			path = Lab4Tests;
			sourceTree = "<group>";
		};
		8BE135842DF36CBD001D551D /* Lab4UITests */ = {
			isa = PBXGroup;
			children = (
				8BE135852DF36CBD001D551D /* Lab4UITests.swift */,
				8BE135872DF36CBD001D551D /* Lab4UITestsLaunchTests.swift */,
			);
			path = Lab4UITests;
			sourceTree = "<group>";
		};
/* End PBXGroup section */

/* Begin PBXNativeTarget section */
		8BE135662DF36CBB001D551D /* Lab4 */ = {
			isa = PBXNativeTarget;
			buildConfigurationList = 8BE1358B2DF36CBD001D551D /* Build configuration list for PBXNativeTarget "Lab4" */;
			buildPhases = (
				8BE135632DF36CBB001D551D /* Sources */,
				8BE135642DF36CBB001D551D /* Frameworks */,
				8BE135652DF36CBB001D551D /* Resources */,
			);
			buildRules = (
			);
			dependencies = (
			);
			name = Lab4;
			productName = Lab4;
			productReference = 8BE135672DF36CBB001D551D /* Lab4.app */;
			productType = "com.apple.product-type.application";
		};
		8BE135762DF36CBD001D551D /* Lab4Tests */ = {
			isa = PBXNativeTarget;
			buildConfigurationList = 8BE1358E2DF36CBD001D551D /* Build configuration list for PBXNativeTarget "Lab4Tests" */;
			buildPhases = (
				8BE135732DF36CBD001D551D /* Sources */,
				8BE135742DF36CBD001D551D /* Frameworks */,
				8BE135752DF36CBD001D551D /* Resources */,
			);
			buildRules = (
			);
			dependencies = (
				8BE135792DF36CBD001D551D /* PBXTargetDependency */,
			);
			name = Lab4Tests;
			productName = Lab4Tests;
			productReference = 8BE135772DF36CBD001D551D /* Lab4Tests.xctest */;
			productType = "com.apple.product-type.bundle.unit-test";
		};
		8BE135802DF36CBD001D551D /* Lab4UITests */ = {
			isa = PBXNativeTarget;
			buildConfigurationList = 8BE135912DF36CBD001D551D /* Build configuration list for PBXNativeTarget "Lab4UITests" */;
			buildPhases = (
				8BE1357D2DF36CBD001D551D /* Sources */,
				8BE1357E2DF36CBD001D551D /* Frameworks */,
				8BE1357F2DF36CBD001D551D /* Resources */,
			);
			buildRules = (
			);
			dependencies = (
				8BE135832DF36CBD001D551D /* PBXTargetDependency */,
			);
			name = Lab4UITests;
			productName = Lab4UITests;
			productReference = 8BE135812DF36CBD001D551D /* Lab4UITests.xctest */;
			productType = "com.apple.product-type.bundle.ui-testing";
		};
/* End PBXNativeTarget section */

/* Begin PBXProject section */
		8BE1355F2DF36CBB001D551D /* Project object */ = {
			isa = PBXProject;
			attributes = {
				BuildIndependentTargetsInParallel = 1;
				LastSwiftUpdateCheck = 1540;
				LastUpgradeCheck = 1540;
				TargetAttributes = {
					8BE135662DF36CBB001D551D = {
						CreatedOnToolsVersion = 15.4;
					};
					8BE135762DF36CBD001D551D = {
						CreatedOnToolsVersion = 15.4;
						TestTargetID = 8BE135662DF36CBB001D551D;
					};
					8BE135802DF36CBD001D551D = {
						CreatedOnToolsVersion = 15.4;
						TestTargetID = 8BE135662DF36CBB001D551D;
					};
				};
			};
			buildConfigurationList = 8BE135622DF36CBB001D551D /* Build configuration list for PBXProject "Lab4" */;
			compatibilityVersion = "Xcode 14.0";
			developmentRegion = en;
			hasScannedForEncodings = 0;
			knownRegions = (
				en,
				Base,
			);
			mainGroup = 8BE1355E2DF36CBB001D551D;
			productRefGroup = 8BE135682DF36CBB001D551D /* Products */;
			projectDirPath = "";
			projectRoot = "";
			targets = (
				8BE135662DF36CBB001D551D /* Lab4 */,
				8BE135762DF36CBD001D551D /* Lab4Tests */,
				8BE135802DF36CBD001D551D /* Lab4UITests */,
			);
		};
/* End PBXProject section */

/* Begin PBXResourcesBuildPhase section */
		8BE135652DF36CBB001D551D /* Resources */ = {
			isa = PBXResourcesBuildPhase;
			buildActionMask = 2147483647;
			files = (
				8BE135722DF36CBD001D551D /* Preview Assets.xcassets in Resources */,
				8BE1356F2DF36CBD001D551D /* Assets.xcassets in Resources */,
			);
			runOnlyForDeploymentPostprocessing = 0;
		};
		8BE135752DF36CBD001D551D /* Resources */ = {
			isa = PBXResourcesBuildPhase;
			buildActionMask = 2147483647;
			files = (
			);
			runOnlyForDeploymentPostprocessing = 0;
		};
		8BE1357F2DF36CBD001D551D /* Resources */ = {
			isa = PBXResourcesBuildPhase;
			buildActionMask = 2147483647;
			files = (
			);
			runOnlyForDeploymentPostprocessing = 0;
		};
/* End PBXResourcesBuildPhase section */

/* Begin PBXSourcesBuildPhase section */
		8BE135632DF36CBB001D551D /* Sources */ = {
			isa = PBXSourcesBuildPhase;
			buildActionMask = 2147483647;
			files = (
				8BE1356D2DF36CBB001D551D /* ContentView.swift in Sources */,
				8BE135D72DF39C6A001D551D /* CheckoutScreen.swift in Sources */,
				8BE1356B2DF36CBB001D551D /* Lab4App.swift in Sources */,
				8BE135D52DF391FA001D551D /* OverviewScreen.swift in Sources */,
			);
			runOnlyForDeploymentPostprocessing = 0;
		};
		8BE135732DF36CBD001D551D /* Sources */ = {
			isa = PBXSourcesBuildPhase;
			buildActionMask = 2147483647;
			files = (
				8BE1357C2DF36CBD001D551D /* Lab4Tests.swift in Sources */,
			);
			runOnlyForDeploymentPostprocessing = 0;
		};
		8BE1357D2DF36CBD001D551D /* Sources */ = {
			isa = PBXSourcesBuildPhase;
			buildActionMask = 2147483647;
			files = (
				8BE135862DF36CBD001D551D /* Lab4UITests.swift in Sources */,
				8BE135882DF36CBD001D551D /* Lab4UITestsLaunchTests.swift in Sources */,
			);
			runOnlyForDeploymentPostprocessing = 0;
		};
/* End PBXSourcesBuildPhase section */

/* Begin PBXTargetDependency section */
		8BE135792DF36CBD001D551D /* PBXTargetDependency */ = {
			isa = PBXTargetDependency;
			target = 8BE135662DF36CBB001D551D /* Lab4 */;
			targetProxy = 8BE135782DF36CBD001D551D /* PBXContainerItemProxy */;
		};
		8BE135832DF36CBD001D551D /* PBXTargetDependency */ = {
			isa = PBXTargetDependency;
			target = 8BE135662DF36CBB001D551D /* Lab4 */;
			targetProxy = 8BE135822DF36CBD001D551D /* PBXContainerItemProxy */;
		};
/* End PBXTargetDependency section */

/* Begin XCBuildConfiguration section */
		8BE135892DF36CBD001D551D /* Debug */ = {
			isa = XCBuildConfiguration;
			buildSettings = {
				ALWAYS_SEARCH_USER_PATHS = NO;
				ASSETCATALOG_COMPILER_GENERATE_SWIFT_ASSET_SYMBOL_EXTENSIONS = YES;
				CLANG_ANALYZER_NONNULL = YES;
				CLANG_ANALYZER_NUMBER_OBJECT_CONVERSION = YES_AGGRESSIVE;
				CLANG_CXX_LANGUAGE_STANDARD = "gnu++20";
				CLANG_ENABLE_MODULES = YES;
				CLANG_ENABLE_OBJC_ARC = YES;
				CLANG_ENABLE_OBJC_WEAK = YES;
				CLANG_WARN_BLOCK_CAPTURE_AUTORELEASING = YES;
				CLANG_WARN_BOOL_CONVERSION = YES;
				CLANG_WARN_COMMA = YES;
				CLANG_WARN_CONSTANT_CONVERSION = YES;
				CLANG_WARN_DEPRECATED_OBJC_IMPLEMENTATIONS = YES;
				CLANG_WARN_DIRECT_OBJC_ISA_USAGE = YES_ERROR;
				CLANG_WARN_DOCUMENTATION_COMMENTS = YES;
				CLANG_WARN_EMPTY_BODY = YES;
				CLANG_WARN_ENUM_CONVERSION = YES;
				CLANG_WARN_INFINITE_RECURSION = YES;
				CLANG_WARN_INT_CONVERSION = YES;
				CLANG_WARN_NON_LITERAL_NULL_CONVERSION = YES;
				CLANG_WARN_OBJC_IMPLICIT_RETAIN_SELF = YES;
				CLANG_WARN_OBJC_LITERAL_CONVERSION = YES;
				CLANG_WARN_OBJC_ROOT_CLASS = YES_ERROR;
				CLANG_WARN_QUOTED_INCLUDE_IN_FRAMEWORK_HEADER = YES;
				CLANG_WARN_RANGE_LOOP_ANALYSIS = YES;
				CLANG_WARN_STRICT_PROTOTYPES = YES;
				CLANG_WARN_SUSPICIOUS_MOVE = YES;
				CLANG_WARN_UNGUARDED_AVAILABILITY = YES_AGGRESSIVE;
				CLANG_WARN_UNREACHABLE_CODE = YES;
				CLANG_WARN__DUPLICATE_METHOD_MATCH = YES;
				COPY_PHASE_STRIP = NO;
				DEBUG_INFORMATION_FORMAT = dwarf;
				ENABLE_STRICT_OBJC_MSGSEND = YES;
				ENABLE_TESTABILITY = YES;
				ENABLE_USER_SCRIPT_SANDBOXING = YES;
				GCC_C_LANGUAGE_STANDARD = gnu17;
				GCC_DYNAMIC_NO_PIC = NO;
				GCC_NO_COMMON_BLOCKS = YES;
				GCC_OPTIMIZATION_LEVEL = 0;
				GCC_PREPROCESSOR_DEFINITIONS = (
					"DEBUG=1",
					"$(inherited)",
				);
				GCC_WARN_64_TO_32_BIT_CONVERSION = YES;
				GCC_WARN_ABOUT_RETURN_TYPE = YES_ERROR;
				GCC_WARN_UNDECLARED_SELECTOR = YES;
				GCC_WARN_UNINITIALIZED_AUTOS = YES_AGGRESSIVE;
				GCC_WARN_UNUSED_FUNCTION = YES;
				GCC_WARN_UNUSED_VARIABLE = YES;
				IPHONEOS_DEPLOYMENT_TARGET = 17.5;
				LOCALIZATION_PREFERS_STRING_CATALOGS = YES;
				MTL_ENABLE_DEBUG_INFO = INCLUDE_SOURCE;
				MTL_FAST_MATH = YES;
				ONLY_ACTIVE_ARCH = YES;
				SDKROOT = iphoneos;
				SWIFT_ACTIVE_COMPILATION_CONDITIONS = "DEBUG $(inherited)";
				SWIFT_OPTIMIZATION_LEVEL = "-Onone";
			};
			name = Debug;
		};
		8BE1358A2DF36CBD001D551D /* Release */ = {
			isa = XCBuildConfiguration;
			buildSettings = {
				ALWAYS_SEARCH_USER_PATHS = NO;
				ASSETCATALOG_COMPILER_GENERATE_SWIFT_ASSET_SYMBOL_EXTENSIONS = YES;
				CLANG_ANALYZER_NONNULL = YES;
				CLANG_ANALYZER_NUMBER_OBJECT_CONVERSION = YES_AGGRESSIVE;
				CLANG_CXX_LANGUAGE_STANDARD = "gnu++20";
				CLANG_ENABLE_MODULES = YES;
				CLANG_ENABLE_OBJC_ARC = YES;
				CLANG_ENABLE_OBJC_WEAK = YES;
				CLANG_WARN_BLOCK_CAPTURE_AUTORELEASING = YES;
				CLANG_WARN_BOOL_CONVERSION = YES;
				CLANG_WARN_COMMA = YES;
				CLANG_WARN_CONSTANT_CONVERSION = YES;
				CLANG_WARN_DEPRECATED_OBJC_IMPLEMENTATIONS = YES;
				CLANG_WARN_DIRECT_OBJC_ISA_USAGE = YES_ERROR;
				CLANG_WARN_DOCUMENTATION_COMMENTS = YES;
				CLANG_WARN_EMPTY_BODY = YES;
				CLANG_WARN_ENUM_CONVERSION = YES;
				CLANG_WARN_INFINITE_RECURSION = YES;
				CLANG_WARN_INT_CONVERSION = YES;
				CLANG_WARN_NON_LITERAL_NULL_CONVERSION = YES;
				CLANG_WARN_OBJC_IMPLICIT_RETAIN_SELF = YES;
				CLANG_WARN_OBJC_LITERAL_CONVERSION = YES;
				CLANG_WARN_OBJC_ROOT_CLASS = YES_ERROR;
				CLANG_WARN_QUOTED_INCLUDE_IN_FRAMEWORK_HEADER = YES;
				CLANG_WARN_RANGE_LOOP_ANALYSIS = YES;
				CLANG_WARN_STRICT_PROTOTYPES = YES;
				CLANG_WARN_SUSPICIOUS_MOVE = YES;
				CLANG_WARN_UNGUARDED_AVAILABILITY = YES_AGGRESSIVE;
				CLANG_WARN_UNREACHABLE_CODE = YES;
				CLANG_WARN__DUPLICATE_METHOD_MATCH = YES;
				COPY_PHASE_STRIP = NO;
				DEBUG_INFORMATION_FORMAT = "dwarf-with-dsym";
				ENABLE_NS_ASSERTIONS = NO;
				ENABLE_STRICT_OBJC_MSGSEND = YES;
				ENABLE_USER_SCRIPT_SANDBOXING = YES;
				GCC_C_LANGUAGE_STANDARD = gnu17;
				GCC_NO_COMMON_BLOCKS = YES;
				GCC_WARN_64_TO_32_BIT_CONVERSION = YES;
				GCC_WARN_ABOUT_RETURN_TYPE = YES_ERROR;
				GCC_WARN_UNDECLARED_SELECTOR = YES;
				GCC_WARN_UNINITIALIZED_AUTOS = YES_AGGRESSIVE;
				GCC_WARN_UNUSED_FUNCTION = YES;
				GCC_WARN_UNUSED_VARIABLE = YES;
				IPHONEOS_DEPLOYMENT_TARGET = 17.5;
				LOCALIZATION_PREFERS_STRING_CATALOGS = YES;
				MTL_ENABLE_DEBUG_INFO = NO;
				MTL_FAST_MATH = YES;
				SDKROOT = iphoneos;
				SWIFT_COMPILATION_MODE = wholemodule;
				VALIDATE_PRODUCT = YES;
			};
			name = Release;
		};
		8BE1358C2DF36CBD001D551D /* Debug */ = {
			isa = XCBuildConfiguration;
			buildSettings = {
				ASSETCATALOG_COMPILER_APPICON_NAME = AppIcon;
				ASSETCATALOG_COMPILER_GLOBAL_ACCENT_COLOR_NAME = AccentColor;
				CODE_SIGN_STYLE = Automatic;
				CURRENT_PROJECT_VERSION = 1;
				DEVELOPMENT_ASSET_PATHS = "\"Lab4/Preview Content\"";
				ENABLE_PREVIEWS = YES;
				GENERATE_INFOPLIST_FILE = YES;
				INFOPLIST_KEY_UIApplicationSceneManifest_Generation = YES;
				INFOPLIST_KEY_UIApplicationSupportsIndirectInputEvents = YES;
				INFOPLIST_KEY_UILaunchScreen_Generation = YES;
				INFOPLIST_KEY_UISupportedInterfaceOrientations_iPad = "UIInterfaceOrientationPortrait UIInterfaceOrientationPortraitUpsideDown UIInterfaceOrientationLandscapeLeft UIInterfaceOrientationLandscapeRight";
				INFOPLIST_KEY_UISupportedInterfaceOrientations_iPhone = "UIInterfaceOrientationPortrait UIInterfaceOrientationLandscapeLeft UIInterfaceOrientationLandscapeRight";
				LD_RUNPATH_SEARCH_PATHS = (
					"$(inherited)",
					"@executable_path/Frameworks",
				);
				MARKETING_VERSION = 1.0;
				PRODUCT_BUNDLE_IDENTIFIER = com.yash.Lab4;
				PRODUCT_NAME = "$(TARGET_NAME)";
				SWIFT_EMIT_LOC_STRINGS = YES;
				SWIFT_VERSION = 5.0;
				TARGETED_DEVICE_FAMILY = "1,2";
			};
			name = Debug;
		};
		8BE1358D2DF36CBD001D551D /* Release */ = {
			isa = XCBuildConfiguration;
			buildSettings = {
				ASSETCATALOG_COMPILER_APPICON_NAME = AppIcon;
				ASSETCATALOG_COMPILER_GLOBAL_ACCENT_COLOR_NAME = AccentColor;
				CODE_SIGN_STYLE = Automatic;
				CURRENT_PROJECT_VERSION = 1;
				DEVELOPMENT_ASSET_PATHS = "\"Lab4/Preview Content\"";
				ENABLE_PREVIEWS = YES;
				GENERATE_INFOPLIST_FILE = YES;
				INFOPLIST_KEY_UIApplicationSceneManifest_Generation = YES;
				INFOPLIST_KEY_UIApplicationSupportsIndirectInputEvents = YES;
				INFOPLIST_KEY_UILaunchScreen_Generation = YES;
				INFOPLIST_KEY_UISupportedInterfaceOrientations_iPad = "UIInterfaceOrientationPortrait UIInterfaceOrientationPortraitUpsideDown UIInterfaceOrientationLandscapeLeft UIInterfaceOrientationLandscapeRight";
				INFOPLIST_KEY_UISupportedInterfaceOrientations_iPhone = "UIInterfaceOrientationPortrait UIInterfaceOrientationLandscapeLeft UIInterfaceOrientationLandscapeRight";
				LD_RUNPATH_SEARCH_PATHS = (
					"$(inherited)",
					"@executable_path/Frameworks",
				);
				MARKETING_VERSION = 1.0;
				PRODUCT_BUNDLE_IDENTIFIER = com.yash.Lab4;
				PRODUCT_NAME = "$(TARGET_NAME)";
				SWIFT_EMIT_LOC_STRINGS = YES;
				SWIFT_VERSION = 5.0;
				TARGETED_DEVICE_FAMILY = "1,2";
			};
			name = Release;
		};
		8BE1358F2DF36CBD001D551D /* Debug */ = {
			isa = XCBuildConfiguration;
			buildSettings = {
				ALWAYS_EMBED_SWIFT_STANDARD_LIBRARIES = YES;
				BUNDLE_LOADER = "$(TEST_HOST)";
				CODE_SIGN_STYLE = Automatic;
				CURRENT_PROJECT_VERSION = 1;
				GENERATE_INFOPLIST_FILE = YES;
				IPHONEOS_DEPLOYMENT_TARGET = 17.5;
				MARKETING_VERSION = 1.0;
				PRODUCT_BUNDLE_IDENTIFIER = com.yash.Lab4Tests;
				PRODUCT_NAME = "$(TARGET_NAME)";
				SWIFT_EMIT_LOC_STRINGS = NO;
				SWIFT_VERSION = 5.0;
				TARGETED_DEVICE_FAMILY = "1,2";
				TEST_HOST = "$(BUILT_PRODUCTS_DIR)/Lab4.app/$(BUNDLE_EXECUTABLE_FOLDER_PATH)/Lab4";
			};
			name = Debug;
		};
		8BE135902DF36CBD001D551D /* Release */ = {
			isa = XCBuildConfiguration;
			buildSettings = {
				ALWAYS_EMBED_SWIFT_STANDARD_LIBRARIES = YES;
				BUNDLE_LOADER = "$(TEST_HOST)";
				CODE_SIGN_STYLE = Automatic;
				CURRENT_PROJECT_VERSION = 1;
				GENERATE_INFOPLIST_FILE = YES;
				IPHONEOS_DEPLOYMENT_TARGET = 17.5;
				MARKETING_VERSION = 1.0;
				PRODUCT_BUNDLE_IDENTIFIER = com.yash.Lab4Tests;
				PRODUCT_NAME = "$(TARGET_NAME)";
				SWIFT_EMIT_LOC_STRINGS = NO;
				SWIFT_VERSION = 5.0;
				TARGETED_DEVICE_FAMILY = "1,2";
				TEST_HOST = "$(BUILT_PRODUCTS_DIR)/Lab4.app/$(BUNDLE_EXECUTABLE_FOLDER_PATH)/Lab4";
			};
			name = Release;
		};
		8BE135922DF36CBD001D551D /* Debug */ = {
			isa = XCBuildConfiguration;
			buildSettings = {
				ALWAYS_EMBED_SWIFT_STANDARD_LIBRARIES = YES;
				CODE_SIGN_STYLE = Automatic;
				CURRENT_PROJECT_VERSION = 1;
				GENERATE_INFOPLIST_FILE = YES;
				MARKETING_VERSION = 1.0;
				PRODUCT_BUNDLE_IDENTIFIER = com.yash.Lab4UITests;
				PRODUCT_NAME = "$(TARGET_NAME)";
				SWIFT_EMIT_LOC_STRINGS = NO;
				SWIFT_VERSION = 5.0;
				TARGETED_DEVICE_FAMILY = "1,2";
				TEST_TARGET_NAME = Lab4;
			};
			name = Debug;
		};
		8BE135932DF36CBD001D551D /* Release */ = {
			isa = XCBuildConfiguration;
			buildSettings = {
				ALWAYS_EMBED_SWIFT_STANDARD_LIBRARIES = YES;
				CODE_SIGN_STYLE = Automatic;
				CURRENT_PROJECT_VERSION = 1;
				GENERATE_INFOPLIST_FILE = YES;
				MARKETING_VERSION = 1.0;
				PRODUCT_BUNDLE_IDENTIFIER = com.yash.Lab4UITests;
				PRODUCT_NAME = "$(TARGET_NAME)";
				SWIFT_EMIT_LOC_STRINGS = NO;
				SWIFT_VERSION = 5.0;
				TARGETED_DEVICE_FAMILY = "1,2";
				TEST_TARGET_NAME = Lab4;
			};
			name = Release;
		};
/* End XCBuildConfiguration section */

/* Begin XCConfigurationList section */
		8BE135622DF36CBB001D551D /* Build configuration list for PBXProject "Lab4" */ = {
			isa = XCConfigurationList;
			buildConfigurations = (
				8BE135892DF36CBD001D551D /* Debug */,
				8BE1358A2DF36CBD001D551D /* Release */,
			);
			defaultConfigurationIsVisible = 0;
			defaultConfigurationName = Release;
		};
		8BE1358B2DF36CBD001D551D /* Build configuration list for PBXNativeTarget "Lab4" */ = {
			isa = XCConfigurationList;
			buildConfigurations = (
				8BE1358C2DF36CBD001D551D /* Debug */,
				8BE1358D2DF36CBD001D551D /* Release */,
			);
			defaultConfigurationIsVisible = 0;
			defaultConfigurationName = Release;
		};
		8BE1358E2DF36CBD001D551D /* Build configuration list for PBXNativeTarget "Lab4Tests" */ = {
			isa = XCConfigurationList;
			buildConfigurations = (
				8BE1358F2DF36CBD001D551D /* Debug */,
				8BE135902DF36CBD001D551D /* Release */,
			);
			defaultConfigurationIsVisible = 0;
			defaultConfigurationName = Release;
		};
		8BE135912DF36CBD001D551D /* Build configuration list for PBXNativeTarget "Lab4UITests" */ = {
			isa = XCConfigurationList;
			buildConfigurations = (
				8BE135922DF36CBD001D551D /* Debug */,
				8BE135932DF36CBD001D551D /* Release */,
			);
			defaultConfigurationIsVisible = 0;
			defaultConfigurationName = Release;
		};
/* End XCConfigurationList section */
	};
	rootObject = 8BE1355F2DF36CBB001D551D /* Project object */;
}
